// !$*UTF8*$!
{
	archiveVersion = 1;
	classes = {
	};
	objectVersion = 50;
	objects = {

/* Begin PBXBuildFile section */
		D084CA6B25E42B160000D4F2 /* Locations.swift in Sources */ = {isa = PBXBuildFile; fileRef = D084CA6A25E42B150000D4F2 /* Locations.swift */; };
		D084CA6E25E431D20000D4F2 /* WorldView.swift in Sources */ = {isa = PBXBuildFile; fileRef = D084CA6D25E431D20000D4F2 /* WorldView.swift */; };
		D084CA7125E43C930000D4F2 /* Tip.swift in Sources */ = {isa = PBXBuildFile; fileRef = D084CA7025E43C930000D4F2 /* Tip.swift */; };
		D084CA7425E43D5B0000D4F2 /* TipsView.swift in Sources */ = {isa = PBXBuildFile; fileRef = D084CA7325E43D5B0000D4F2 /* TipsView.swift */; };
		D084CA8125E819360000D4F2 /* MapAnnotationView.swift in Sources */ = {isa = PBXBuildFile; fileRef = D084CA8025E819360000D4F2 /* MapAnnotationView.swift */; };
		D0FD7F9E25E41AAB00EA4002 /* TravelHelperApp.swift in Sources */ = {isa = PBXBuildFile; fileRef = D0FD7F9D25E41AAB00EA4002 /* TravelHelperApp.swift */; };
		D0FD7FA025E41AAB00EA4002 /* ContentView.swift in Sources */ = {isa = PBXBuildFile; fileRef = D0FD7F9F25E41AAB00EA4002 /* ContentView.swift */; };
		D0FD7FA225E41AAE00EA4002 /* Assets.xcassets in Resources */ = {isa = PBXBuildFile; fileRef = D0FD7FA125E41AAE00EA4002 /* Assets.xcassets */; };
		D0FD7FA525E41AAE00EA4002 /* Preview Assets.xcassets in Resources */ = {isa = PBXBuildFile; fileRef = D0FD7FA425E41AAE00EA4002 /* Preview Assets.xcassets */; };
		D0FD7FAF25E41CF600EA4002 /* tips.json in Resources */ = {isa = PBXBuildFile; fileRef = D0FD7FAD25E41CF500EA4002 /* tips.json */; };
		D0FD7FB025E41CF600EA4002 /* locations.json in Resources */ = {isa = PBXBuildFile; fileRef = D0FD7FAE25E41CF600EA4002 /* locations.json */; };
		D0FD7FB325E426D900EA4002 /* Location.swift in Sources */ = {isa = PBXBuildFile; fileRef = D0FD7FB225E426D900EA4002 /* Location.swift */; };
/* End PBXBuildFile section */

/* Begin PBXFileReference section */
		D084CA6A25E42B150000D4F2 /* Locations.swift */ = {isa = PBXFileReference; lastKnownFileType = sourcecode.swift; path = Locations.swift; sourceTree = "<group>"; };
		D084CA6D25E431D20000D4F2 /* WorldView.swift */ = {isa = PBXFileReference; lastKnownFileType = sourcecode.swift; path = WorldView.swift; sourceTree = "<group>"; };
		D084CA7025E43C930000D4F2 /* Tip.swift */ = {isa = PBXFileReference; lastKnownFileType = sourcecode.swift; path = Tip.swift; sourceTree = "<group>"; };
		D084CA7325E43D5B0000D4F2 /* TipsView.swift */ = {isa = PBXFileReference; lastKnownFileType = sourcecode.swift; path = TipsView.swift; sourceTree = "<group>"; };
		D084CA8025E819360000D4F2 /* MapAnnotationView.swift */ = {isa = PBXFileReference; lastKnownFileType = sourcecode.swift; path = MapAnnotationView.swift; sourceTree = "<group>"; };
		D0FD7F9A25E41AAB00EA4002 /* TravelHelper.app */ = {isa = PBXFileReference; explicitFileType = wrapper.application; includeInIndex = 0; path = TravelHelper.app; sourceTree = BUILT_PRODUCTS_DIR; };
		D0FD7F9D25E41AAB00EA4002 /* TravelHelperApp.swift */ = {isa = PBXFileReference; lastKnownFileType = sourcecode.swift; path = TravelHelperApp.swift; sourceTree = "<group>"; };
		D0FD7F9F25E41AAB00EA4002 /* ContentView.swift */ = {isa = PBXFileReference; lastKnownFileType = sourcecode.swift; path = ContentView.swift; sourceTree = "<group>"; };
		D0FD7FA125E41AAE00EA4002 /* Assets.xcassets */ = {isa = PBXFileReference; lastKnownFileType = folder.assetcatalog; path = Assets.xcassets; sourceTree = "<group>"; };
		D0FD7FA425E41AAE00EA4002 /* Preview Assets.xcassets */ = {isa = PBXFileReference; lastKnownFileType = folder.assetcatalog; path = "Preview Assets.xcassets"; sourceTree = "<group>"; };
		D0FD7FA625E41AAE00EA4002 /* Info.plist */ = {isa = PBXFileReference; lastKnownFileType = text.plist.xml; path = Info.plist; sourceTree = "<group>"; };
		D0FD7FAD25E41CF500EA4002 /* tips.json */ = {isa = PBXFileReference; fileEncoding = 4; lastKnownFileType = text.json; path = tips.json; sourceTree = "<group>"; };
		D0FD7FAE25E41CF600EA4002 /* locations.json */ = {isa = PBXFileReference; fileEncoding = 4; lastKnownFileType = text.json; path = locations.json; sourceTree = "<group>"; };
		D0FD7FB225E426D900EA4002 /* Location.swift */ = {isa = PBXFileReference; lastKnownFileType = sourcecode.swift; path = Location.swift; sourceTree = "<group>"; };
/* End PBXFileReference section */

/* Begin PBXFrameworksBuildPhase section */
		D0FD7F9725E41AAB00EA4002 /* Frameworks */ = {
			isa = PBXFrameworksBuildPhase;
			buildActionMask = 2147483647;
			files = (
			);
			runOnlyForDeploymentPostprocessing = 0;
		};
/* End PBXFrameworksBuildPhase section */

/* Begin PBXGroup section */
		D084CA7625E43FD60000D4F2 /* Views */ = {
			isa = PBXGroup;
			children = (
				D0FD7F9D25E41AAB00EA4002 /* TravelHelperApp.swift */,
				D084CA6D25E431D20000D4F2 /* WorldView.swift */,
				D084CA7325E43D5B0000D4F2 /* TipsView.swift */,
				D0FD7F9F25E41AAB00EA4002 /* ContentView.swift */,
				D084CA8025E819360000D4F2 /* MapAnnotationView.swift */,
			);
			path = Views;
			sourceTree = "<group>";
		};
		D084CA7725E440110000D4F2 /* Helpers */ = {
			isa = PBXGroup;
			children = (
				D084CA7025E43C930000D4F2 /* Tip.swift */,
				D084CA6A25E42B150000D4F2 /* Locations.swift */,
				D0FD7FB225E426D900EA4002 /* Location.swift */,
				D0FD7FAE25E41CF600EA4002 /* locations.json */,
				D0FD7FAD25E41CF500EA4002 /* tips.json */,
			);
			path = Helpers;
			sourceTree = "<group>";
		};
		D0FD7F9125E41AAB00EA4002 = {
			isa = PBXGroup;
			children = (
				D0FD7F9C25E41AAB00EA4002 /* TravelHelper */,
				D0FD7F9B25E41AAB00EA4002 /* Products */,
			);
			sourceTree = "<group>";
		};
		D0FD7F9B25E41AAB00EA4002 /* Products */ = {
			isa = PBXGroup;
			children = (
				D0FD7F9A25E41AAB00EA4002 /* TravelHelper.app */,
			);
			name = Products;
			sourceTree = "<group>";
		};
		D0FD7F9C25E41AAB00EA4002 /* TravelHelper */ = {
			isa = PBXGroup;
			children = (
				D084CA7625E43FD60000D4F2 /* Views */,
				D084CA7725E440110000D4F2 /* Helpers */,
				D0FD7FA125E41AAE00EA4002 /* Assets.xcassets */,
				D0FD7FA625E41AAE00EA4002 /* Info.plist */,
				D0FD7FA325E41AAE00EA4002 /* Preview Content */,
			);
			path = TravelHelper;
			sourceTree = "<group>";
		};
		D0FD7FA325E41AAE00EA4002 /* Preview Content */ = {
			isa = PBXGroup;
			children = (
				D0FD7FA425E41AAE00EA4002 /* Preview Assets.xcassets */,
			);
			path = "Preview Content";
			sourceTree = "<group>";
		};
/* End PBXGroup section */

/* Begin PBXNativeTarget section */
		D0FD7F9925E41AAB00EA4002 /* TravelHelper */ = {
			isa = PBXNativeTarget;
			buildConfigurationList = D0FD7FA925E41AAE00EA4002 /* Build configuration list for PBXNativeTarget "TravelHelper" */;
			buildPhases = (
				D0FD7F9625E41AAB00EA4002 /* Sources */,
				D0FD7F9725E41AAB00EA4002 /* Frameworks */,
				D0FD7F9825E41AAB00EA4002 /* Resources */,
			);
			buildRules = (
			);
			dependencies = (
			);
			name = TravelHelper;
			productName = TravelHelper;
			productReference = D0FD7F9A25E41AAB00EA4002 /* TravelHelper.app */;
			productType = "com.apple.product-type.application";
		};
/* End PBXNativeTarget section */

/* Begin PBXProject section */
		D0FD7F9225E41AAB00EA4002 /* Project object */ = {
			isa = PBXProject;
			attributes = {
				LastSwiftUpdateCheck = 1230;
				LastUpgradeCheck = 1230;
				TargetAttributes = {
					D0FD7F9925E41AAB00EA4002 = {
						CreatedOnToolsVersion = 12.3;
					};
				};
			};
			buildConfigurationList = D0FD7F9525E41AAB00EA4002 /* Build configuration list for PBXProject "TravelHelper" */;
			compatibilityVersion = "Xcode 9.3";
			developmentRegion = en;
			hasScannedForEncodings = 0;
			knownRegions = (
				en,
				Base,
			);
			mainGroup = D0FD7F9125E41AAB00EA4002;
			productRefGroup = D0FD7F9B25E41AAB00EA4002 /* Products */;
			projectDirPath = "";
			projectRoot = "";
			targets = (
				D0FD7F9925E41AAB00EA4002 /* TravelHelper */,
			);
		};
/* End PBXProject section */

/* Begin PBXResourcesBuildPhase section */
		D0FD7F9825E41AAB00EA4002 /* Resources */ = {
			isa = PBXResourcesBuildPhase;
			buildActionMask = 2147483647;
			files = (
				D0FD7FA525E41AAE00EA4002 /* Preview Assets.xcassets in Resources */,
				D0FD7FA225E41AAE00EA4002 /* Assets.xcassets in Resources */,
				D0FD7FB025E41CF600EA4002 /* locations.json in Resources */,
				D0FD7FAF25E41CF600EA4002 /* tips.json in Resources */,
			);
			runOnlyForDeploymentPostprocessing = 0;
		};
/* End PBXResourcesBuildPhase section */

/* Begin PBXSourcesBuildPhase section */
		D0FD7F9625E41AAB00EA4002 /* Sources */ = {
			isa = PBXSourcesBuildPhase;
			buildActionMask = 2147483647;
			files = (
				D0FD7FA025E41AAB00EA4002 /* ContentView.swift in Sources */,
				D0FD7FB325E426D900EA4002 /* Location.swift in Sources */,
				D084CA6E25E431D20000D4F2 /* WorldView.swift in Sources */,
				D084CA7125E43C930000D4F2 /* Tip.swift in Sources */,
				D084CA7425E43D5B0000D4F2 /* TipsView.swift in Sources */,
				D084CA6B25E42B160000D4F2 /* Locations.swift in Sources */,
				D084CA8125E819360000D4F2 /* MapAnnotationView.swift in Sources */,
				D0FD7F9E25E41AAB00EA4002 /* TravelHelperApp.swift in Sources */,
			);
			runOnlyForDeploymentPostprocessing = 0;
		};
/* End PBXSourcesBuildPhase section */

/* Begin XCBuildConfiguration section */
		D0FD7FA725E41AAE00EA4002 /* Debug */ = {
			isa = XCBuildConfiguration;
			buildSettings = {
				ALWAYS_SEARCH_USER_PATHS = NO;
				CLANG_ANALYZER_NONNULL = YES;
				CLANG_ANALYZER_NUMBER_OBJECT_CONVERSION = YES_AGGRESSIVE;
				CLANG_CXX_LANGUAGE_STANDARD = "gnu++14";
				CLANG_CXX_LIBRARY = "libc++";
				CLANG_ENABLE_MODULES = YES;
				CLANG_ENABLE_OBJC_ARC = YES;
				CLANG_ENABLE_OBJC_WEAK = YES;
				CLANG_WARN_BLOCK_CAPTURE_AUTORELEASING = YES;
				CLANG_WARN_BOOL_CONVERSION = YES;
				CLANG_WARN_COMMA = YES;
				CLANG_WARN_CONSTANT_CONVERSION = YES;
				CLANG_WARN_DEPRECATED_OBJC_IMPLEMENTATIONS = YES;
				CLANG_WARN_DIRECT_OBJC_ISA_USAGE = YES_ERROR;
				CLANG_WARN_DOCUMENTATION_COMMENTS = YES;
				CLANG_WARN_EMPTY_BODY = YES;
				CLANG_WARN_ENUM_CONVERSION = YES;
				CLANG_WARN_INFINITE_RECURSION = YES;
				CLANG_WARN_INT_CONVERSION = YES;
				CLANG_WARN_NON_LITERAL_NULL_CONVERSION = YES;
				CLANG_WARN_OBJC_IMPLICIT_RETAIN_SELF = YES;
				CLANG_WARN_OBJC_LITERAL_CONVERSION = YES;
				CLANG_WARN_OBJC_ROOT_CLASS = YES_ERROR;
				CLANG_WARN_QUOTED_INCLUDE_IN_FRAMEWORK_HEADER = YES;
				CLANG_WARN_RANGE_LOOP_ANALYSIS = YES;
				CLANG_WARN_STRICT_PROTOTYPES = YES;
				CLANG_WARN_SUSPICIOUS_MOVE = YES;
				CLANG_WARN_UNGUARDED_AVAILABILITY = YES_AGGRESSIVE;
				CLANG_WARN_UNREACHABLE_CODE = YES;
				CLANG_WARN__DUPLICATE_METHOD_MATCH = YES;
				COPY_PHASE_STRIP = NO;
				DEBUG_INFORMATION_FORMAT = dwarf;
				ENABLE_STRICT_OBJC_MSGSEND = YES;
				ENABLE_TESTABILITY = YES;
				GCC_C_LANGUAGE_STANDARD = gnu11;
				GCC_DYNAMIC_NO_PIC = NO;
				GCC_NO_COMMON_BLOCKS = YES;
				GCC_OPTIMIZATION_LEVEL = 0;
				GCC_PREPROCESSOR_DEFINITIONS = (
					"DEBUG=1",
					"$(inherited)",
				);
				GCC_WARN_64_TO_32_BIT_CONVERSION = YES;
				GCC_WARN_ABOUT_RETURN_TYPE = YES_ERROR;
				GCC_WARN_UNDECLARED_SELECTOR = YES;
				GCC_WARN_UNINITIALIZED_AUTOS = YES_AGGRESSIVE;
				GCC_WARN_UNUSED_FUNCTION = YES;
				GCC_WARN_UNUSED_VARIABLE = YES;
				IPHONEOS_DEPLOYMENT_TARGET = 14.3;
				MTL_ENABLE_DEBUG_INFO = INCLUDE_SOURCE;
				MTL_FAST_MATH = YES;
				ONLY_ACTIVE_ARCH = YES;
				SDKROOT = iphoneos;
				SWIFT_ACTIVE_COMPILATION_CONDITIONS = DEBUG;
				SWIFT_OPTIMIZATION_LEVEL = "-Onone";
			};
			name = Debug;
		};
		D0FD7FA825E41AAE00EA4002 /* Release */ = {
			isa = XCBuildConfiguration;
			buildSettings = {
				ALWAYS_SEARCH_USER_PATHS = NO;
				CLANG_ANALYZER_NONNULL = YES;
				CLANG_ANALYZER_NUMBER_OBJECT_CONVERSION = YES_AGGRESSIVE;
				CLANG_CXX_LANGUAGE_STANDARD = "gnu++14";
				CLANG_CXX_LIBRARY = "libc++";
				CLANG_ENABLE_MODULES = YES;
				CLANG_ENABLE_OBJC_ARC = YES;
				CLANG_ENABLE_OBJC_WEAK = YES;
				CLANG_WARN_BLOCK_CAPTURE_AUTORELEASING = YES;
				CLANG_WARN_BOOL_CONVERSION = YES;
				CLANG_WARN_COMMA = YES;
				CLANG_WARN_CONSTANT_CONVERSION = YES;
				CLANG_WARN_DEPRECATED_OBJC_IMPLEMENTATIONS = YES;
				CLANG_WARN_DIRECT_OBJC_ISA_USAGE = YES_ERROR;
				CLANG_WARN_DOCUMENTATION_COMMENTS = YES;
				CLANG_WARN_EMPTY_BODY = YES;
				CLANG_WARN_ENUM_CONVERSION = YES;
				CLANG_WARN_INFINITE_RECURSION = YES;
				CLANG_WARN_INT_CONVERSION = YES;
				CLANG_WARN_NON_LITERAL_NULL_CONVERSION = YES;
				CLANG_WARN_OBJC_IMPLICIT_RETAIN_SELF = YES;
				CLANG_WARN_OBJC_LITERAL_CONVERSION = YES;
				CLANG_WARN_OBJC_ROOT_CLASS = YES_ERROR;
				CLANG_WARN_QUOTED_INCLUDE_IN_FRAMEWORK_HEADER = YES;
				CLANG_WARN_RANGE_LOOP_ANALYSIS = YES;
				CLANG_WARN_STRICT_PROTOTYPES = YES;
				CLANG_WARN_SUSPICIOUS_MOVE = YES;
				CLANG_WARN_UNGUARDED_AVAILABILITY = YES_AGGRESSIVE;
				CLANG_WARN_UNREACHABLE_CODE = YES;
				CLANG_WARN__DUPLICATE_METHOD_MATCH = YES;
				COPY_PHASE_STRIP = NO;
				DEBUG_INFORMATION_FORMAT = "dwarf-with-dsym";
				ENABLE_NS_ASSERTIONS = NO;
				ENABLE_STRICT_OBJC_MSGSEND = YES;
				GCC_C_LANGUAGE_STANDARD = gnu11;
				GCC_NO_COMMON_BLOCKS = YES;
				GCC_WARN_64_TO_32_BIT_CONVERSION = YES;
				GCC_WARN_ABOUT_RETURN_TYPE = YES_ERROR;
				GCC_WARN_UNDECLARED_SELECTOR = YES;
				GCC_WARN_UNINITIALIZED_AUTOS = YES_AGGRESSIVE;
				GCC_WARN_UNUSED_FUNCTION = YES;
				GCC_WARN_UNUSED_VARIABLE = YES;
				IPHONEOS_DEPLOYMENT_TARGET = 14.3;
				MTL_ENABLE_DEBUG_INFO = NO;
				MTL_FAST_MATH = YES;
				SDKROOT = iphoneos;
				SWIFT_COMPILATION_MODE = wholemodule;
				SWIFT_OPTIMIZATION_LEVEL = "-O";
				VALIDATE_PRODUCT = YES;
			};
			name = Release;
		};
		D0FD7FAA25E41AAE00EA4002 /* Debug */ = {
			isa = XCBuildConfiguration;
			buildSettings = {
				ASSETCATALOG_COMPILER_APPICON_NAME = AppIcon;
				ASSETCATALOG_COMPILER_GLOBAL_ACCENT_COLOR_NAME = AccentColor;
				CODE_SIGN_STYLE = Automatic;
				DEVELOPMENT_ASSET_PATHS = "\"TravelHelper/Preview Content\"";
				ENABLE_PREVIEWS = YES;
				INFOPLIST_FILE = TravelHelper/Info.plist;
				IPHONEOS_DEPLOYMENT_TARGET = 14.3;
				LD_RUNPATH_SEARCH_PATHS = (
					"$(inherited)",
					"@executable_path/Frameworks",
				);
				MARKETING_VERSION = 1.0.0;
				PRODUCT_BUNDLE_IDENTIFIER = lv.accenture.bootcamp.TravelHelper;
				PRODUCT_NAME = "$(TARGET_NAME)";
				SWIFT_VERSION = 5.0;
				TARGETED_DEVICE_FAMILY = "1,2";
			};
			name = Debug;
		};
		D0FD7FAB25E41AAE00EA4002 /* Release */ = {
			isa = XCBuildConfiguration;
			buildSettings = {
				ASSETCATALOG_COMPILER_APPICON_NAME = AppIcon;
				ASSETCATALOG_COMPILER_GLOBAL_ACCENT_COLOR_NAME = AccentColor;
				CODE_SIGN_STYLE = Automatic;
				DEVELOPMENT_ASSET_PATHS = "\"TravelHelper/Preview Content\"";
				ENABLE_PREVIEWS = YES;
				INFOPLIST_FILE = TravelHelper/Info.plist;
				IPHONEOS_DEPLOYMENT_TARGET = 14.3;
				LD_RUNPATH_SEARCH_PATHS = (
					"$(inherited)",
					"@executable_path/Frameworks",
				);
				MARKETING_VERSION = 1.0.0;
				PRODUCT_BUNDLE_IDENTIFIER = lv.accenture.bootcamp.TravelHelper;
				PRODUCT_NAME = "$(TARGET_NAME)";
				SWIFT_VERSION = 5.0;
				TARGETED_DEVICE_FAMILY = "1,2";
			};
			name = Release;
		};
/* End XCBuildConfiguration section */

/* Begin XCConfigurationList section */
		D0FD7F9525E41AAB00EA4002 /* Build configuration list for PBXProject "TravelHelper" */ = {
			isa = XCConfigurationList;
			buildConfigurations = (
				D0FD7FA725E41AAE00EA4002 /* Debug */,
				D0FD7FA825E41AAE00EA4002 /* Release */,
			);
			defaultConfigurationIsVisible = 0;
			defaultConfigurationName = Release;
		};
		D0FD7FA925E41AAE00EA4002 /* Build configuration list for PBXNativeTarget "TravelHelper" */ = {
			isa = XCConfigurationList;
			buildConfigurations = (
				D0FD7FAA25E41AAE00EA4002 /* Debug */,
				D0FD7FAB25E41AAE00EA4002 /* Release */,
			);
			defaultConfigurationIsVisible = 0;
			defaultConfigurationName = Release;
		};
/* End XCConfigurationList section */
	};
	rootObject = D0FD7F9225E41AAB00EA4002 /* Project object */;
}
